// !$*UTF8*$!
{
	archiveVersion = 1;
	classes = {
	};
	objectVersion = 50;
	objects = {

/* Begin PBXBuildFile section */
		87718CC8234EA5080083EFCC /* AppDelegate.swift in Sources */ = {isa = PBXBuildFile; fileRef = 87718CC7234EA5080083EFCC /* AppDelegate.swift */; };
		87718CCA234EA5080083EFCC /* SceneDelegate.swift in Sources */ = {isa = PBXBuildFile; fileRef = 87718CC9234EA5080083EFCC /* SceneDelegate.swift */; };
		87718CCC234EA5080083EFCC /* ViewController.swift in Sources */ = {isa = PBXBuildFile; fileRef = 87718CCB234EA5080083EFCC /* ViewController.swift */; };
		87718CCF234EA5080083EFCC /* Main.storyboard in Resources */ = {isa = PBXBuildFile; fileRef = 87718CCD234EA5080083EFCC /* Main.storyboard */; };
		87718CD1234EA50A0083EFCC /* Assets.xcassets in Resources */ = {isa = PBXBuildFile; fileRef = 87718CD0234EA50A0083EFCC /* Assets.xcassets */; };
		87718CD4234EA50A0083EFCC /* LaunchScreen.storyboard in Resources */ = {isa = PBXBuildFile; fileRef = 87718CD2234EA50A0083EFCC /* LaunchScreen.storyboard */; };
/* End PBXBuildFile section */

/* Begin PBXFileReference section */
		87718CC4234EA5080083EFCC /* TwitterMenu.app */ = {isa = PBXFileReference; explicitFileType = wrapper.application; includeInIndex = 0; path = TwitterMenu.app; sourceTree = BUILT_PRODUCTS_DIR; };
		87718CC7234EA5080083EFCC /* AppDelegate.swift */ = {isa = PBXFileReference; lastKnownFileType = sourcecode.swift; path = AppDelegate.swift; sourceTree = "<group>"; };
		87718CC9234EA5080083EFCC /* SceneDelegate.swift */ = {isa = PBXFileReference; lastKnownFileType = sourcecode.swift; path = SceneDelegate.swift; sourceTree = "<group>"; };
		87718CCB234EA5080083EFCC /* ViewController.swift */ = {isa = PBXFileReference; lastKnownFileType = sourcecode.swift; path = ViewController.swift; sourceTree = "<group>"; };
		87718CCE234EA5080083EFCC /* Base */ = {isa = PBXFileReference; lastKnownFileType = file.storyboard; name = Base; path = Base.lproj/Main.storyboard; sourceTree = "<group>"; };
		87718CD0234EA50A0083EFCC /* Assets.xcassets */ = {isa = PBXFileReference; lastKnownFileType = folder.assetcatalog; path = Assets.xcassets; sourceTree = "<group>"; };
		87718CD3234EA50A0083EFCC /* Base */ = {isa = PBXFileReference; lastKnownFileType = file.storyboard; name = Base; path = Base.lproj/LaunchScreen.storyboard; sourceTree = "<group>"; };
		87718CD5234EA50A0083EFCC /* Info.plist */ = {isa = PBXFileReference; lastKnownFileType = text.plist.xml; path = Info.plist; sourceTree = "<group>"; };
/* End PBXFileReference section */

/* Begin PBXFrameworksBuildPhase section */
		87718CC1234EA5080083EFCC /* Frameworks */ = {
			isa = PBXFrameworksBuildPhase;
			buildActionMask = 2147483647;
			files = (
			);
			runOnlyForDeploymentPostprocessing = 0;
		};
/* End PBXFrameworksBuildPhase section */

/* Begin PBXGroup section */
		87718CBB234EA5070083EFCC = {
			isa = PBXGroup;
			children = (
				87718CC6234EA5080083EFCC /* TwitterMenu */,
				87718CC5234EA5080083EFCC /* Products */,
			);
			sourceTree = "<group>";
		};
		87718CC5234EA5080083EFCC /* Products */ = {
			isa = PBXGroup;
			children = (
				87718CC4234EA5080083EFCC /* TwitterMenu.app */,
			);
			name = Products;
			sourceTree = "<group>";
		};
		87718CC6234EA5080083EFCC /* TwitterMenu */ = {
			isa = PBXGroup;
			children = (
				87718CC7234EA5080083EFCC /* AppDelegate.swift */,
				87718CC9234EA5080083EFCC /* SceneDelegate.swift */,
				87718CCB234EA5080083EFCC /* ViewController.swift */,
				87718CCD234EA5080083EFCC /* Main.storyboard */,
				87718CD0234EA50A0083EFCC /* Assets.xcassets */,
				87718CD2234EA50A0083EFCC /* LaunchScreen.storyboard */,
				87718CD5234EA50A0083EFCC /* Info.plist */,
			);
			path = TwitterMenu;
			sourceTree = "<group>";
		};
/* End PBXGroup section */

/* Begin PBXNativeTarget section */
		87718CC3234EA5080083EFCC /* TwitterMenu */ = {
			isa = PBXNativeTarget;
			buildConfigurationList = 87718CD8234EA50A0083EFCC /* Build configuration list for PBXNativeTarget "TwitterMenu" */;
			buildPhases = (
				87718CC0234EA5080083EFCC /* Sources */,
				87718CC1234EA5080083EFCC /* Frameworks */,
				87718CC2234EA5080083EFCC /* Resources */,
			);
			buildRules = (
			);
			dependencies = (
			);
			name = TwitterMenu;
			productName = TwitterMenu;
			productReference = 87718CC4234EA5080083EFCC /* TwitterMenu.app */;
			productType = "com.apple.product-type.application";
		};
/* End PBXNativeTarget section */

/* Begin PBXProject section */
		87718CBC234EA5070083EFCC /* Project object */ = {
			isa = PBXProject;
			attributes = {
				LastSwiftUpdateCheck = 1100;
				LastUpgradeCheck = 1100;
				ORGANIZATIONNAME = LouisNelson;
				TargetAttributes = {
					87718CC3234EA5080083EFCC = {
						CreatedOnToolsVersion = 11.0;
					};
				};
			};
			buildConfigurationList = 87718CBF234EA5070083EFCC /* Build configuration list for PBXProject "TwitterMenu" */;
			compatibilityVersion = "Xcode 9.3";
			developmentRegion = en;
			hasScannedForEncodings = 0;
			knownRegions = (
				en,
				Base,
			);
			mainGroup = 87718CBB234EA5070083EFCC;
			productRefGroup = 87718CC5234EA5080083EFCC /* Products */;
			projectDirPath = "";
			projectRoot = "";
			targets = (
				87718CC3234EA5080083EFCC /* TwitterMenu */,
			);
		};
/* End PBXProject section */

/* Begin PBXResourcesBuildPhase section */
		87718CC2234EA5080083EFCC /* Resources */ = {
			isa = PBXResourcesBuildPhase;
			buildActionMask = 2147483647;
			files = (
				87718CD4234EA50A0083EFCC /* LaunchScreen.storyboard in Resources */,
				87718CD1234EA50A0083EFCC /* Assets.xcassets in Resources */,
				87718CCF234EA5080083EFCC /* Main.storyboard in Resources */,
			);
			runOnlyForDeploymentPostprocessing = 0;
		};
/* End PBXResourcesBuildPhase section */

/* Begin PBXSourcesBuildPhase section */
		87718CC0234EA5080083EFCC /* Sources */ = {
			isa = PBXSourcesBuildPhase;
			buildActionMask = 2147483647;
			files = (
				87718CCC234EA5080083EFCC /* ViewController.swift in Sources */,
				87718CC8234EA5080083EFCC /* AppDelegate.swift in Sources */,
				87718CCA234EA5080083EFCC /* SceneDelegate.swift in Sources */,
			);
			runOnlyForDeploymentPostprocessing = 0;
		};
/* End PBXSourcesBuildPhase section */

/* Begin PBXVariantGroup section */
		87718CCD234EA5080083EFCC /* Main.storyboard */ = {
			isa = PBXVariantGroup;
			children = (
				87718CCE234EA5080083EFCC /* Base */,
			);
			name = Main.storyboard;
			sourceTree = "<group>";
		};
		87718CD2234EA50A0083EFCC /* LaunchScreen.storyboard */ = {
			isa = PBXVariantGroup;
			children = (
				87718CD3234EA50A0083EFCC /* Base */,
			);
			name = LaunchScreen.storyboard;
			sourceTree = "<group>";
		};
/* End PBXVariantGroup section */

/* Begin XCBuildConfiguration section */
		87718CD6234EA50A0083EFCC /* Debug */ = {
			isa = XCBuildConfiguration;
			buildSettings = {
				ALWAYS_SEARCH_USER_PATHS = NO;
				CLANG_ANALYZER_NONNULL = YES;
				CLANG_ANALYZER_NUMBER_OBJECT_CONVERSION = YES_AGGRESSIVE;
				CLANG_CXX_LANGUAGE_STANDARD = "gnu++14";
				CLANG_CXX_LIBRARY = "libc++";
				CLANG_ENABLE_MODULES = YES;
				CLANG_ENABLE_OBJC_ARC = YES;
				CLANG_ENABLE_OBJC_WEAK = YES;
				CLANG_WARN_BLOCK_CAPTURE_AUTORELEASING = YES;
				CLANG_WARN_BOOL_CONVERSION = YES;
				CLANG_WARN_COMMA = YES;
				CLANG_WARN_CONSTANT_CONVERSION = YES;
				CLANG_WARN_DEPRECATED_OBJC_IMPLEMENTATIONS = YES;
				CLANG_WARN_DIRECT_OBJC_ISA_USAGE = YES_ERROR;
				CLANG_WARN_DOCUMENTATION_COMMENTS = YES;
				CLANG_WARN_EMPTY_BODY = YES;
				CLANG_WARN_ENUM_CONVERSION = YES;
				CLANG_WARN_INFINITE_RECURSION = YES;
				CLANG_WARN_INT_CONVERSION = YES;
				CLANG_WARN_NON_LITERAL_NULL_CONVERSION = YES;
				CLANG_WARN_OBJC_IMPLICIT_RETAIN_SELF = YES;
				CLANG_WARN_OBJC_LITERAL_CONVERSION = YES;
				CLANG_WARN_OBJC_ROOT_CLASS = YES_ERROR;
				CLANG_WARN_RANGE_LOOP_ANALYSIS = YES;
				CLANG_WARN_STRICT_PROTOTYPES = YES;
				CLANG_WARN_SUSPICIOUS_MOVE = YES;
				CLANG_WARN_UNGUARDED_AVAILABILITY = YES_AGGRESSIVE;
				CLANG_WARN_UNREACHABLE_CODE = YES;
				CLANG_WARN__DUPLICATE_METHOD_MATCH = YES;
				COPY_PHASE_STRIP = NO;
				DEBUG_INFORMATION_FORMAT = dwarf;
				ENABLE_STRICT_OBJC_MSGSEND = YES;
				ENABLE_TESTABILITY = YES;
				GCC_C_LANGUAGE_STANDARD = gnu11;
				GCC_DYNAMIC_NO_PIC = NO;
				GCC_NO_COMMON_BLOCKS = YES;
				GCC_OPTIMIZATION_LEVEL = 0;
				GCC_PREPROCESSOR_DEFINITIONS = (
					"DEBUG=1",
					"$(inherited)",
				);
				GCC_WARN_64_TO_32_BIT_CONVERSION = YES;
				GCC_WARN_ABOUT_RETURN_TYPE = YES_ERROR;
				GCC_WARN_UNDECLARED_SELECTOR = YES;
				GCC_WARN_UNINITIALIZED_AUTOS = YES_AGGRESSIVE;
				GCC_WARN_UNUSED_FUNCTION = YES;
				GCC_WARN_UNUSED_VARIABLE = YES;
				IPHONEOS_DEPLOYMENT_TARGET = 13.0;
				MTL_ENABLE_DEBUG_INFO = INCLUDE_SOURCE;
				MTL_FAST_MATH = YES;
				ONLY_ACTIVE_ARCH = YES;
				SDKROOT = iphoneos;
				SWIFT_ACTIVE_COMPILATION_CONDITIONS = DEBUG;
				SWIFT_OPTIMIZATION_LEVEL = "-Onone";
			};
			name = Debug;
		};
		87718CD7234EA50A0083EFCC /* Release */ = {
			isa = XCBuildConfiguration;
			buildSettings = {
				ALWAYS_SEARCH_USER_PATHS = NO;
				CLANG_ANALYZER_NONNULL = YES;
				CLANG_ANALYZER_NUMBER_OBJECT_CONVERSION = YES_AGGRESSIVE;
				CLANG_CXX_LANGUAGE_STANDARD = "gnu++14";
				CLANG_CXX_LIBRARY = "libc++";
				CLANG_ENABLE_MODULES = YES;
				CLANG_ENABLE_OBJC_ARC = YES;
				CLANG_ENABLE_OBJC_WEAK = YES;
				CLANG_WARN_BLOCK_CAPTURE_AUTORELEASING = YES;
				CLANG_WARN_BOOL_CONVERSION = YES;
				CLANG_WARN_COMMA = YES;
				CLANG_WARN_CONSTANT_CONVERSION = YES;
				CLANG_WARN_DEPRECATED_OBJC_IMPLEMENTATIONS = YES;
				CLANG_WARN_DIRECT_OBJC_ISA_USAGE = YES_ERROR;
				CLANG_WARN_DOCUMENTATION_COMMENTS = YES;
				CLANG_WARN_EMPTY_BODY = YES;
				CLANG_WARN_ENUM_CONVERSION = YES;
				CLANG_WARN_INFINITE_RECURSION = YES;
				CLANG_WARN_INT_CONVERSION = YES;
				CLANG_WARN_NON_LITERAL_NULL_CONVERSION = YES;
				CLANG_WARN_OBJC_IMPLICIT_RETAIN_SELF = YES;
				CLANG_WARN_OBJC_LITERAL_CONVERSION = YES;
				CLANG_WARN_OBJC_ROOT_CLASS = YES_ERROR;
				CLANG_WARN_RANGE_LOOP_ANALYSIS = YES;
				CLANG_WARN_STRICT_PROTOTYPES = YES;
				CLANG_WARN_SUSPICIOUS_MOVE = YES;
				CLANG_WARN_UNGUARDED_AVAILABILITY = YES_AGGRESSIVE;
				CLANG_WARN_UNREACHABLE_CODE = YES;
				CLANG_WARN__DUPLICATE_METHOD_MATCH = YES;
				COPY_PHASE_STRIP = NO;
				DEBUG_INFORMATION_FORMAT = "dwarf-with-dsym";
				ENABLE_NS_ASSERTIONS = NO;
				ENABLE_STRICT_OBJC_MSGSEND = YES;
				GCC_C_LANGUAGE_STANDARD = gnu11;
				GCC_NO_COMMON_BLOCKS = YES;
				GCC_WARN_64_TO_32_BIT_CONVERSION = YES;
				GCC_WARN_ABOUT_RETURN_TYPE = YES_ERROR;
				GCC_WARN_UNDECLARED_SELECTOR = YES;
				GCC_WARN_UNINITIALIZED_AUTOS = YES_AGGRESSIVE;
				GCC_WARN_UNUSED_FUNCTION = YES;
				GCC_WARN_UNUSED_VARIABLE = YES;
				IPHONEOS_DEPLOYMENT_TARGET = 13.0;
				MTL_ENABLE_DEBUG_INFO = NO;
				MTL_FAST_MATH = YES;
				SDKROOT = iphoneos;
				SWIFT_COMPILATION_MODE = wholemodule;
				SWIFT_OPTIMIZATION_LEVEL = "-O";
				VALIDATE_PRODUCT = YES;
			};
			name = Release;
		};
		87718CD9234EA50A0083EFCC /* Debug */ = {
			isa = XCBuildConfiguration;
			buildSettings = {
				ASSETCATALOG_COMPILER_APPICON_NAME = AppIcon;
				CODE_SIGN_STYLE = Automatic;
				DEVELOPMENT_TEAM = GP393D2TMD;
				INFOPLIST_FILE = TwitterMenu/Info.plist;
				LD_RUNPATH_SEARCH_PATHS = (
					"$(inherited)",
					"@executable_path/Frameworks",
				);
				PRODUCT_BUNDLE_IDENTIFIER = com.LouisNelson.TwitterMenu;
				PRODUCT_NAME = "$(TARGET_NAME)";
				SWIFT_VERSION = 5.0;
				TARGETED_DEVICE_FAMILY = "1,2";
			};
			name = Debug;
		};
		87718CDA234EA50A0083EFCC /* Release */ = {
			isa = XCBuildConfiguration;
			buildSettings = {
				ASSETCATALOG_COMPILER_APPICON_NAME = AppIcon;
				CODE_SIGN_STYLE = Automatic;
				DEVELOPMENT_TEAM = GP393D2TMD;
				INFOPLIST_FILE = TwitterMenu/Info.plist;
				LD_RUNPATH_SEARCH_PATHS = (
					"$(inherited)",
					"@executable_path/Frameworks",
				);
				PRODUCT_BUNDLE_IDENTIFIER = com.LouisNelson.TwitterMenu;
				PRODUCT_NAME = "$(TARGET_NAME)";
				SWIFT_VERSION = 5.0;
				TARGETED_DEVICE_FAMILY = "1,2";
			};
			name = Release;
		};
/* End XCBuildConfiguration section */

/* Begin XCConfigurationList section */
		87718CBF234EA5070083EFCC /* Build configuration list for PBXProject "TwitterMenu" */ = {
			isa = XCConfigurationList;
			buildConfigurations = (
				87718CD6234EA50A0083EFCC /* Debug */,
				87718CD7234EA50A0083EFCC /* Release */,
			);
			defaultConfigurationIsVisible = 0;
			defaultConfigurationName = Release;
		};
		87718CD8234EA50A0083EFCC /* Build configuration list for PBXNativeTarget "TwitterMenu" */ = {
			isa = XCConfigurationList;
			buildConfigurations = (
				87718CD9234EA50A0083EFCC /* Debug */,
				87718CDA234EA50A0083EFCC /* Release */,
			);
			defaultConfigurationIsVisible = 0;
			defaultConfigurationName = Release;
		};
/* End XCConfigurationList section */
	};
	rootObject = 87718CBC234EA5070083EFCC /* Project object */;
}
